
Microsoft Visual Studio Solution File, Format Version 12.00
# Visual Studio Version 17
VisualStudioVersion = 17.2.32519.379
MinimumVisualStudioVersion = 10.0.40219.1
Project("{FAE04EC0-301F-11D3-BF4B-00C04F79EFBC}") = "MultidimensionalArrayChallenge", "MultidimensionalArrayChallenge\MultidimensionalArrayChallenge.csproj", "{A39610DE-F4B9-4ACF-AF10-05D8749B2E89}"
EndProject
Global
	GlobalSection(SolutionConfigurationPlatforms) = preSolution
		Debug|Any CPU = Debug|Any CPU
		Release|Any CPU = Release|Any CPU
	EndGlobalSection
	GlobalSection(ProjectConfigurationPlatforms) = postSolution
		{A39610DE-F4B9-4ACF-AF10-05D8749B2E89}.Debug|Any CPU.ActiveCfg = Debug|Any CPU
		{A39610DE-F4B9-4ACF-AF10-05D8749B2E89}.Debug|Any CPU.Build.0 = Debug|Any CPU
		{A39610DE-F4B9-4ACF-AF10-05D8749B2E89}.Release|Any CPU.ActiveCfg = Release|Any CPU
		{A39610DE-F4B9-4ACF-AF10-05D8749B2E89}.Release|Any CPU.Build.0 = Release|Any CPU
	EndGlobalSection
	GlobalSection(SolutionProperties) = preSolution
		HideSolutionNode = FALSE
	EndGlobalSection
	GlobalSection(ExtensibilityGlobals) = postSolution
		SolutionGuid = {8DE39586-C870-491C-B685-519215BBA5D0}
	EndGlobalSection
EndGlobal
